#MicroXplorer Configuration settings - do not modify
CAN2.BS1=CAN_BS1_13TQ
CAN2.BS2=CAN_BS2_2TQ
CAN2.CalculateTimeBit=8000
CAN2.CalculateTimeQuantum=500.0
CAN2.IPParameters=CalculateTimeQuantum,CalculateTimeBit,Prescaler,BS1,BS2
CAN2.Prescaler=21
Dma.Request0=USART2_TX
Dma.Request1=SDIO
Dma.RequestsNb=2
Dma.SDIO.1.Direction=DMA_PERIPH_TO_MEMORY
Dma.SDIO.1.FIFOMode=DMA_FIFOMODE_ENABLE
Dma.SDIO.1.FIFOThreshold=DMA_FIFO_THRESHOLD_FULL
Dma.SDIO.1.Instance=DMA2_Stream3
Dma.SDIO.1.MemBurst=DMA_MBURST_INC4
Dma.SDIO.1.MemDataAlignment=DMA_MDATAALIGN_WORD
Dma.SDIO.1.MemInc=DMA_MINC_ENABLE
Dma.SDIO.1.Mode=DMA_PFCTRL
Dma.SDIO.1.PeriphBurst=DMA_PBURST_INC4
Dma.SDIO.1.PeriphDataAlignment=DMA_PDATAALIGN_WORD
Dma.SDIO.1.PeriphInc=DMA_PINC_DISABLE
Dma.SDIO.1.Priority=DMA_PRIORITY_VERY_HIGH
Dma.SDIO.1.RequestParameters=Instance,Direction,PeriphInc,MemInc,PeriphDataAlignment,MemDataAlignment,Mode,Priority,FIFOMode,FIFOThreshold,MemBurst,PeriphBurst
Dma.USART2_TX.0.Direction=DMA_MEMORY_TO_PERIPH
Dma.USART2_TX.0.FIFOMode=DMA_FIFOMODE_DISABLE
Dma.USART2_TX.0.Instance=DMA1_Stream6
Dma.USART2_TX.0.MemDataAlignment=DMA_MDATAALIGN_BYTE
Dma.USART2_TX.0.MemInc=DMA_MINC_ENABLE
Dma.USART2_TX.0.Mode=DMA_NORMAL
Dma.USART2_TX.0.PeriphDataAlignment=DMA_PDATAALIGN_BYTE
Dma.USART2_TX.0.PeriphInc=DMA_PINC_DISABLE
Dma.USART2_TX.0.Priority=DMA_PRIORITY_VERY_HIGH
Dma.USART2_TX.0.RequestParameters=Instance,Direction,PeriphInc,MemInc,PeriphDataAlignment,MemDataAlignment,Mode,Priority,FIFOMode
FATFS.IPParameters=_USE_BUFF_WO_ALIGNMENT,_USE_ERASE,_FS_LOCK
FATFS._FS_LOCK=10
FATFS._USE_BUFF_WO_ALIGNMENT=2
FATFS._USE_ERASE=0
File.Version=6
KeepUserPlacement=false
Mcu.Family=STM32F4
Mcu.IP0=CAN2
Mcu.IP1=DMA
Mcu.IP10=TIM1
Mcu.IP11=TIM2
Mcu.IP12=TIM3
Mcu.IP13=USART1
Mcu.IP14=USART2
Mcu.IP15=USB_DEVICE
Mcu.IP16=USB_OTG_FS
Mcu.IP2=FATFS
Mcu.IP3=NVIC
Mcu.IP4=RCC
Mcu.IP5=RTC
Mcu.IP6=SDIO
Mcu.IP7=SPI1
Mcu.IP8=SPI2
Mcu.IP9=SYS
Mcu.IPNb=17
Mcu.Name=STM32F407V(E-G)Tx
Mcu.Package=LQFP100
Mcu.Pin0=PE2
Mcu.Pin1=PE3
Mcu.Pin10=PC0
Mcu.Pin11=PC1
Mcu.Pin12=PC2
Mcu.Pin13=PC3
Mcu.Pin14=PA0-WKUP
Mcu.Pin15=PA1
Mcu.Pin16=PA2
Mcu.Pin17=PA3
Mcu.Pin18=PA4
Mcu.Pin19=PA5
Mcu.Pin2=PE4
Mcu.Pin20=PA6
Mcu.Pin21=PA7
Mcu.Pin22=PC4
Mcu.Pin23=PC5
Mcu.Pin24=PB0
Mcu.Pin25=PB1
Mcu.Pin26=PB2
Mcu.Pin27=PE7
Mcu.Pin28=PE8
Mcu.Pin29=PE9
Mcu.Pin3=PE5
Mcu.Pin30=PE10
Mcu.Pin31=PE11
Mcu.Pin32=PE12
Mcu.Pin33=PE13
Mcu.Pin34=PE14
Mcu.Pin35=PE15
Mcu.Pin36=PB10
Mcu.Pin37=PB11
Mcu.Pin38=PB12
Mcu.Pin39=PB13
Mcu.Pin4=PE6
Mcu.Pin40=PB14
Mcu.Pin41=PB15
Mcu.Pin42=PD8
Mcu.Pin43=PD9
Mcu.Pin44=PD10
Mcu.Pin45=PD11
Mcu.Pin46=PD12
Mcu.Pin47=PD13
Mcu.Pin48=PD14
Mcu.Pin49=PD15
Mcu.Pin5=PC13-ANTI_TAMP
Mcu.Pin50=PC6
Mcu.Pin51=PC7
Mcu.Pin52=PC8
Mcu.Pin53=PC9
Mcu.Pin54=PA8
Mcu.Pin55=PA9
Mcu.Pin56=PA10
Mcu.Pin57=PA11
Mcu.Pin58=PA12
Mcu.Pin59=PA13
Mcu.Pin6=PC14-OSC32_IN
Mcu.Pin60=PA14
Mcu.Pin61=PA15
Mcu.Pin62=PC10
Mcu.Pin63=PC11
Mcu.Pin64=PC12
Mcu.Pin65=PD0
Mcu.Pin66=PD1
Mcu.Pin67=PD2
Mcu.Pin68=PD3
Mcu.Pin69=PD4
Mcu.Pin7=PC15-OSC32_OUT
Mcu.Pin70=PD5
Mcu.Pin71=PD6
Mcu.Pin72=PD7
Mcu.Pin73=PB3
Mcu.Pin74=PB4
Mcu.Pin75=PB5
Mcu.Pin76=PB6
Mcu.Pin77=PB7
Mcu.Pin78=PB8
Mcu.Pin79=PB9
Mcu.Pin8=PH0-OSC_IN
Mcu.Pin80=PE0
Mcu.Pin81=PE1
Mcu.Pin82=VP_FATFS_VS_SDIO
Mcu.Pin83=VP_RTC_VS_RTC_Activate
Mcu.Pin84=VP_RTC_VS_RTC_Calendar
Mcu.Pin85=VP_RTC_VS_RTC_Alarm_A_Intern
Mcu.Pin86=VP_SYS_VS_Systick
Mcu.Pin87=VP_TIM1_VS_ClockSourceINT
Mcu.Pin88=VP_TIM1_VS_ClockSourceITR
Mcu.Pin89=VP_TIM2_VS_ControllerModeClock
Mcu.Pin9=PH1-OSC_OUT
Mcu.Pin90=VP_TIM2_VS_ClockSourceITR
Mcu.Pin91=VP_TIM3_VS_ControllerModeClock
Mcu.Pin92=VP_TIM3_VS_ClockSourceITR
Mcu.Pin93=VP_USB_DEVICE_VS_USB_DEVICE_CDC_FS
Mcu.PinsNb=94
Mcu.UserConstants=
Mcu.UserName=STM32F407VGTx
MxCube.Version=4.20.0
MxDb.Version=DB.4.0.200
NVIC.BusFault_IRQn=true\:0\:0\:false\:false\:true
NVIC.CAN2_RX0_IRQn=true\:1\:0\:true\:true\:true\:10
NVIC.CAN2_RX1_IRQn=true\:1\:0\:true\:true\:true\:11
NVIC.DMA1_Stream6_IRQn=true\:0\:0\:false\:true\:true\:7
NVIC.DMA2_Stream3_IRQn=true\:0\:0\:false\:true\:true\:9
NVIC.DebugMonitor_IRQn=true\:0\:0\:false\:false\:true
NVIC.EXTI3_IRQn=true\:1\:0\:true\:true\:true\:4
NVIC.HardFault_IRQn=true\:0\:0\:false\:false\:true
NVIC.MemoryManagement_IRQn=true\:0\:0\:false\:false\:true
NVIC.NonMaskableInt_IRQn=true\:0\:0\:false\:false\:true
NVIC.OTG_FS_IRQn=true\:1\:0\:true\:true\:true\:12
NVIC.PendSV_IRQn=true\:0\:0\:false\:false\:true
NVIC.PriorityGroup=NVIC_PRIORITYGROUP_4
NVIC.SDIO_IRQn=true\:0\:0\:false\:true\:true\:8
NVIC.SVCall_IRQn=true\:0\:0\:false\:false\:true
NVIC.SysTick_IRQn=true\:0\:0\:false\:false\:true
NVIC.TIM1_UP_TIM10_IRQn=true\:4\:0\:true\:true\:true\:1
NVIC.TIM2_IRQn=true\:0\:0\:false\:true\:true\:2
NVIC.TIM3_IRQn=true\:0\:0\:false\:true\:true\:3
NVIC.USART1_IRQn=true\:1\:0\:true\:true\:true\:5
NVIC.USART2_IRQn=true\:1\:0\:true\:true\:true\:6
NVIC.UsageFault_IRQn=true\:0\:0\:false\:false\:true
PA0-WKUP.GPIOParameters=GPIO_Label,GPIO_PuPd
PA0-WKUP.GPIO_Label=NOT_USED_PA0
PA0-WKUP.GPIO_PuPd=GPIO_PULLDOWN
PA0-WKUP.Locked=true
PA0-WKUP.Signal=GPIO_Output
PA1.GPIOParameters=GPIO_Label,GPIO_PuPd
PA1.GPIO_Label=NOT_USED_PA1
PA1.GPIO_PuPd=GPIO_PULLDOWN
PA1.Locked=true
PA1.Signal=GPIO_Output
PA10.GPIOParameters=GPIO_PuPd
PA10.GPIO_PuPd=GPIO_PULLUP
PA10.Mode=Synchronous
PA10.Signal=USART1_RX
PA11.Mode=Device_Only
PA11.Signal=USB_OTG_FS_DM
PA12.Mode=Device_Only
PA12.Signal=USB_OTG_FS_DP
PA13.Mode=Serial_Wire
PA13.Signal=SYS_JTMS-SWDIO
PA14.Mode=Serial_Wire
PA14.Signal=SYS_JTCK-SWCLK
PA15.GPIOParameters=GPIO_Label,GPIO_PuPd
PA15.GPIO_Label=NOT_USED_PA15
PA15.GPIO_PuPd=GPIO_PULLDOWN
PA15.Locked=true
PA15.Signal=GPIO_Output
PA2.Mode=Asynchronous
PA2.Signal=USART2_TX
PA3.Mode=Asynchronous
PA3.Signal=USART2_RX
PA4.GPIOParameters=GPIO_Label,GPIO_PuPd
PA4.GPIO_Label=NOT_USED_PA4
PA4.GPIO_PuPd=GPIO_PULLDOWN
PA4.Locked=true
PA4.Signal=GPIO_Output
PA5.Mode=Full_Duplex_Master
PA5.Signal=SPI1_SCK
PA6.Mode=Full_Duplex_Master
PA6.Signal=SPI1_MISO
PA7.Mode=Full_Duplex_Master
PA7.Signal=SPI1_MOSI
PA8.GPIOParameters=GPIO_PuPd
PA8.GPIO_PuPd=GPIO_PULLUP
PA8.Mode=Synchronous
PA8.Signal=USART1_CK
PA9.GPIOParameters=GPIO_PuPd
PA9.GPIO_PuPd=GPIO_PULLUP
PA9.Mode=Synchronous
PA9.Signal=USART1_TX
PB0.GPIOParameters=GPIO_Label,GPIO_Speed,PinState,GPIO_PuPd
PB0.GPIO_Label=FLASH2_WP
PB0.GPIO_PuPd=GPIO_PULLUP
PB0.GPIO_Speed=GPIO_SPEED_FREQ_VERY_HIGH
PB0.Locked=true
PB0.PinState=GPIO_PIN_SET
PB0.Signal=GPIO_Output
PB1.GPIOParameters=GPIO_Label,GPIO_Speed,PinState,GPIO_PuPd
PB1.GPIO_Label=FLASH_HOLD
PB1.GPIO_PuPd=GPIO_PULLUP
PB1.GPIO_Speed=GPIO_SPEED_FREQ_VERY_HIGH
PB1.Locked=true
PB1.PinState=GPIO_PIN_SET
PB1.Signal=GPIO_Output
PB10.Mode=Full_Duplex_Master
PB10.Signal=SPI2_SCK
PB11.GPIOParameters=GPIO_Label,GPIO_PuPd
PB11.GPIO_Label=NOT_USED_PB11
PB11.GPIO_PuPd=GPIO_PULLDOWN
PB11.Locked=true
PB11.Signal=GPIO_Output
PB12.GPIOParameters=GPIO_PuPd
PB12.GPIO_PuPd=GPIO_PULLUP
PB12.Mode=Slave
PB12.Signal=CAN2_RX
PB13.GPIOParameters=GPIO_PuPd
PB13.GPIO_PuPd=GPIO_PULLUP
PB13.Mode=Slave
PB13.Signal=CAN2_TX
PB14.GPIOParameters=GPIO_Label,GPIO_Speed,GPIO_PuPd
PB14.GPIO_Label=CAN_TRANS_SLEEP
PB14.GPIO_PuPd=GPIO_PULLDOWN
PB14.GPIO_Speed=GPIO_SPEED_FREQ_VERY_HIGH
PB14.Locked=true
PB14.Signal=GPIO_Output
PB15.GPIOParameters=GPIO_Label
PB15.GPIO_Label=SENSE_VBAT
PB15.Locked=true
PB15.Signal=GPIO_Input
PB2.GPIOParameters=GPIO_Label,GPIO_PuPd
PB2.GPIO_Label=BUZZER
PB2.GPIO_PuPd=GPIO_PULLDOWN
PB2.Locked=true
PB2.Signal=GPIO_Output
PB3.Locked=true
PB3.Signal=SYS_JTDO-SWO
PB4.GPIOParameters=GPIO_Label,GPIO_PuPd
PB4.GPIO_Label=NOT_USED_PB4
PB4.GPIO_PuPd=GPIO_PULLDOWN
PB4.Locked=true
PB4.Signal=GPIO_Output
PB5.GPIOParameters=GPIO_Label,GPIO_PuPd
PB5.GPIO_Label=NOT_USED_PB5
PB5.GPIO_PuPd=GPIO_PULLDOWN
PB5.Locked=true
PB5.Signal=GPIO_Output
PB6.GPIOParameters=GPIO_Label,GPIO_PuPd
PB6.GPIO_Label=NOT_USED_PB6
PB6.GPIO_PuPd=GPIO_PULLDOWN
PB6.Locked=true
PB6.Signal=GPIO_Output
PB7.GPIOParameters=GPIO_Label,GPIO_PuPd
PB7.GPIO_Label=NOT_USED_PB7
PB7.GPIO_PuPd=GPIO_PULLDOWN
PB7.Locked=true
PB7.Signal=GPIO_Output
PB8.GPIOParameters=GPIO_Label,GPIO_PuPd
PB8.GPIO_Label=NOT_USED_PB8
PB8.GPIO_PuPd=GPIO_PULLDOWN
PB8.Locked=true
PB8.Signal=GPIO_Output
PB9.GPIOParameters=GPIO_Label,GPIO_PuPd
PB9.GPIO_Label=NOT_USED_PB9
PB9.GPIO_PuPd=GPIO_PULLDOWN
PB9.Locked=true
PB9.Signal=GPIO_Output
PC0.GPIOParameters=GPIO_Label,GPIO_PuPd
PC0.GPIO_Label=NOT_USED_PC0
PC0.GPIO_PuPd=GPIO_PULLDOWN
PC0.Locked=true
PC0.Signal=GPIO_Output
PC1.GPIOParameters=GPIO_Label,GPIO_Speed,PinState,GPIO_PuPd
PC1.GPIO_Label=SPI2_CS
PC1.GPIO_PuPd=GPIO_PULLUP
PC1.GPIO_Speed=GPIO_SPEED_FREQ_VERY_HIGH
PC1.Locked=true
PC1.PinState=GPIO_PIN_SET
PC1.Signal=GPIO_Output
PC10.GPIOParameters=GPIO_PuPd
PC10.GPIO_PuPd=GPIO_PULLUP
PC10.Mode=SD_4_bits_Wide_bus
PC10.Signal=SDIO_D2
PC11.GPIOParameters=GPIO_PuPd
PC11.GPIO_PuPd=GPIO_PULLUP
PC11.Mode=SD_4_bits_Wide_bus
PC11.Signal=SDIO_D3
PC12.GPIOParameters=GPIO_PuPd
PC12.GPIO_PuPd=GPIO_PULLUP
PC12.Mode=SD_4_bits_Wide_bus
PC12.Signal=SDIO_CK
PC13-ANTI_TAMP.GPIOParameters=GPIO_Label,GPIO_PuPd
PC13-ANTI_TAMP.GPIO_Label=NOT_USED_PC13
PC13-ANTI_TAMP.GPIO_PuPd=GPIO_PULLDOWN
PC13-ANTI_TAMP.Locked=true
PC13-ANTI_TAMP.Signal=GPIO_Output
PC14-OSC32_IN.Locked=true
PC14-OSC32_IN.Mode=LSE-External-Oscillator
PC14-OSC32_IN.Signal=RCC_OSC32_IN
PC15-OSC32_OUT.Locked=true
PC15-OSC32_OUT.Mode=LSE-External-Oscillator
PC15-OSC32_OUT.Signal=RCC_OSC32_OUT
PC2.Mode=Full_Duplex_Master
PC2.Signal=SPI2_MISO
PC3.Mode=Full_Duplex_Master
PC3.Signal=SPI2_MOSI
PC4.GPIOParameters=GPIO_Label,GPIO_Speed,PinState,GPIO_PuPd
PC4.GPIO_Label=FLASH2_CS1
PC4.GPIO_PuPd=GPIO_PULLUP
PC4.GPIO_Speed=GPIO_SPEED_FREQ_VERY_HIGH
PC4.Locked=true
PC4.PinState=GPIO_PIN_SET
PC4.Signal=GPIO_Output
PC5.GPIOParameters=GPIO_Label,GPIO_Speed,PinState,GPIO_PuPd
PC5.GPIO_Label=FLASH2_CS2
PC5.GPIO_PuPd=GPIO_PULLUP
PC5.GPIO_Speed=GPIO_SPEED_FREQ_VERY_HIGH
PC5.Locked=true
PC5.PinState=GPIO_PIN_SET
PC5.Signal=GPIO_Output
PC6.GPIOParameters=GPIO_Label,GPIO_PuPd
PC6.GPIO_Label=NOT_USED_PC6
PC6.GPIO_PuPd=GPIO_PULLDOWN
PC6.Locked=true
PC6.Signal=GPIO_Output
PC7.GPIOParameters=GPIO_Label,GPIO_PuPd
PC7.GPIO_Label=NOT_USED_PC7
PC7.GPIO_PuPd=GPIO_PULLDOWN
PC7.Locked=true
PC7.Signal=GPIO_Output
PC8.GPIOParameters=GPIO_PuPd
PC8.GPIO_PuPd=GPIO_PULLUP
PC8.Mode=SD_4_bits_Wide_bus
PC8.Signal=SDIO_D0
PC9.GPIOParameters=GPIO_PuPd
PC9.GPIO_PuPd=GPIO_PULLUP
PC9.Mode=SD_4_bits_Wide_bus
PC9.Signal=SDIO_D1
PCC.Checker=false
PCC.Line=STM32F407/417
PCC.MCU=STM32F407V(E-G)Tx
PCC.MXVersion=4.20.0
PCC.PartNumber=STM32F407VGTx
PCC.Seq0=0
PCC.Series=STM32F4
PCC.Temperature=25
PCC.Vdd=3.3
PD0.GPIOParameters=GPIO_Label,GPIO_PuPd
PD0.GPIO_Label=NOT_USED_PD0
PD0.GPIO_PuPd=GPIO_PULLDOWN
PD0.Locked=true
PD0.Signal=GPIO_Output
PD1.GPIOParameters=GPIO_Label,GPIO_PuPd
PD1.GPIO_Label=NOT_USED_PD1
PD1.GPIO_PuPd=GPIO_PULLDOWN
PD1.Locked=true
PD1.Signal=GPIO_Output
PD10.GPIOParameters=GPIO_Label,GPIO_PuPd
PD10.GPIO_Label=LED_MAIN_ARMED
PD10.GPIO_PuPd=GPIO_PULLDOWN
PD10.Locked=true
PD10.Signal=GPIO_Output
PD11.GPIOParameters=GPIO_Label,GPIO_PuPd
PD11.GPIO_Label=LED_DROGUE_ARMED
PD11.GPIO_PuPd=GPIO_PULLDOWN
PD11.Locked=true
PD11.Signal=GPIO_Output
PD12.GPIOParameters=GPIO_Label,GPIO_PuPd
PD12.GPIO_Label=LED1
PD12.GPIO_PuPd=GPIO_PULLDOWN
PD12.Locked=true
PD12.Signal=GPIO_Output
PD13.GPIOParameters=GPIO_Label,GPIO_PuPd
PD13.GPIO_Label=LED2
PD13.GPIO_PuPd=GPIO_PULLDOWN
PD13.Locked=true
PD13.Signal=GPIO_Output
PD14.GPIOParameters=GPIO_Label,GPIO_PuPd
PD14.GPIO_Label=LED3
PD14.GPIO_PuPd=GPIO_PULLDOWN
PD14.Locked=true
PD14.Signal=GPIO_Output
PD15.GPIOParameters=GPIO_Label,GPIO_PuPd
PD15.GPIO_Label=LED4
PD15.GPIO_PuPd=GPIO_PULLDOWN
PD15.Locked=true
PD15.Signal=GPIO_Output
PD2.GPIOParameters=GPIO_PuPd
PD2.GPIO_PuPd=GPIO_PULLUP
PD2.Mode=SD_4_bits_Wide_bus
PD2.Signal=SDIO_CMD
PD3.GPIOParameters=GPIO_Label,GPIO_ModeDefaultEXTI,GPIO_PuPd
PD3.GPIO_Label=MicroSDCard_Detect
PD3.GPIO_ModeDefaultEXTI=GPIO_MODE_IT_RISING_FALLING
PD3.GPIO_PuPd=GPIO_PULLDOWN
PD3.Locked=true
PD3.Signal=GPXTI3
PD4.GPIOParameters=GPIO_Label,GPIO_PuPd
PD4.GPIO_Label=NOT_USED_PD4
PD4.GPIO_PuPd=GPIO_PULLDOWN
PD4.Locked=true
PD4.Signal=GPIO_Output
PD5.GPIOParameters=GPIO_Label,GPIO_PuPd
PD5.GPIO_Label=SENSE_EVENT_B
PD5.GPIO_PuPd=GPIO_PULLUP
PD5.Locked=true
PD5.Signal=GPIO_Input
PD6.GPIOParameters=GPIO_Label,GPIO_Speed,GPIO_PuPd
PD6.GPIO_Label=FIRE_EVENT_B
PD6.GPIO_PuPd=GPIO_PULLDOWN
PD6.GPIO_Speed=GPIO_SPEED_FREQ_VERY_HIGH
PD6.Locked=true
PD6.Signal=GPIO_Output
PD7.GPIOParameters=GPIO_Label,GPIO_PuPd
PD7.GPIO_Label=NOT_USED_PD7
PD7.GPIO_PuPd=GPIO_PULLDOWN
PD7.Locked=true
PD7.Signal=GPIO_Output
PD8.GPIOParameters=GPIO_Label,GPIO_PuPd
PD8.GPIO_Label=LED_PROC_GOOD
PD8.GPIO_PuPd=GPIO_PULLDOWN
PD8.Locked=true
PD8.Signal=GPIO_Output
PD9.GPIOParameters=GPIO_Label,GPIO_PuPd
PD9.GPIO_Label=LED_GPS_SYNC
PD9.GPIO_PuPd=GPIO_PULLDOWN
PD9.Locked=true
PD9.Signal=GPIO_Output
PE0.GPIOParameters=GPIO_Label,GPIO_PuPd
PE0.GPIO_Label=NOT_USED_PE0
PE0.GPIO_PuPd=GPIO_PULLDOWN
PE0.Locked=true
PE0.Signal=GPIO_Output
PE1.GPIOParameters=GPIO_Label,GPIO_PuPd
PE1.GPIO_Label=NOT_USED_PE1
PE1.GPIO_PuPd=GPIO_PULLDOWN
PE1.Locked=true
PE1.Signal=GPIO_Output
PE10.GPIOParameters=GPIO_Label,GPIO_Speed,PinState,GPIO_PuPd
PE10.GPIO_Label=FLASH2_RESET
PE10.GPIO_PuPd=GPIO_PULLUP
PE10.GPIO_Speed=GPIO_SPEED_FREQ_VERY_HIGH
PE10.Locked=true
PE10.PinState=GPIO_PIN_SET
PE10.Signal=GPIO_Output
PE11.GPIOParameters=GPIO_Label,GPIO_Speed,PinState,GPIO_PuPd
PE11.GPIO_Label=FLASH1_RESET
PE11.GPIO_PuPd=GPIO_PULLUP
PE11.GPIO_Speed=GPIO_SPEED_FREQ_VERY_HIGH
PE11.Locked=true
PE11.PinState=GPIO_PIN_SET
PE11.Signal=GPIO_Output
PE12.GPIOParameters=GPIO_Label,GPIO_PuPd
PE12.GPIO_Label=NOT_USED_PE12
PE12.GPIO_PuPd=GPIO_PULLDOWN
PE12.Locked=true
PE12.Signal=GPIO_Output
PE13.GPIOParameters=GPIO_Label,GPIO_PuPd
PE13.GPIO_Label=NOT_USED_PE13
PE13.GPIO_PuPd=GPIO_PULLDOWN
PE13.Locked=true
PE13.Signal=GPIO_Output
PE14.GPIOParameters=GPIO_Label,GPIO_PuPd
PE14.GPIO_Label=SENSE_EVENT_A
PE14.GPIO_PuPd=GPIO_PULLUP
PE14.Locked=true
PE14.Signal=GPIO_Input
PE15.GPIOParameters=GPIO_Label,GPIO_Speed,GPIO_PuPd
PE15.GPIO_Label=FIRE_EVENT_A
PE15.GPIO_PuPd=GPIO_PULLDOWN
PE15.GPIO_Speed=GPIO_SPEED_FREQ_VERY_HIGH
PE15.Locked=true
PE15.Signal=GPIO_Output
PE2.GPIOParameters=GPIO_Label,GPIO_PuPd
PE2.GPIO_Label=SENSE_DROGUE
PE2.GPIO_PuPd=GPIO_PULLUP
PE2.Locked=true
PE2.Signal=GPIO_Input
PE3.GPIOParameters=GPIO_Label,GPIO_Speed,GPIO_PuPd
PE3.GPIO_Label=FIRE_DROGUE
PE3.GPIO_PuPd=GPIO_PULLDOWN
PE3.GPIO_Speed=GPIO_SPEED_FREQ_VERY_HIGH
PE3.Locked=true
PE3.Signal=GPIO_Output
PE4.GPIOParameters=GPIO_Label,GPIO_Speed,GPIO_PuPd
PE4.GPIO_Label=FIRE_MAIN
PE4.GPIO_PuPd=GPIO_PULLDOWN
PE4.GPIO_Speed=GPIO_SPEED_FREQ_VERY_HIGH
PE4.Locked=true
PE4.Signal=GPIO_Output
PE5.GPIOParameters=GPIO_Label,GPIO_PuPd
PE5.GPIO_Label=SENSE_MAIN
PE5.GPIO_PuPd=GPIO_PULLUP
PE5.Locked=true
PE5.Signal=GPIO_Input
PE6.GPIOParameters=GPIO_Label,GPIO_PuPd
PE6.GPIO_Label=NOT_USED_PE6
PE6.GPIO_PuPd=GPIO_PULLDOWN
PE6.Locked=true
PE6.Signal=GPIO_Output
PE7.GPIOParameters=GPIO_Label,GPIO_Speed,PinState,GPIO_PuPd
PE7.GPIO_Label=FLASH1_CS1
PE7.GPIO_PuPd=GPIO_PULLUP
PE7.GPIO_Speed=GPIO_SPEED_FREQ_VERY_HIGH
PE7.Locked=true
PE7.PinState=GPIO_PIN_SET
PE7.Signal=GPIO_Output
PE8.GPIOParameters=GPIO_Label,GPIO_Speed,PinState,GPIO_PuPd
PE8.GPIO_Label=FLASH1_CS2
PE8.GPIO_PuPd=GPIO_PULLUP
PE8.GPIO_Speed=GPIO_SPEED_FREQ_VERY_HIGH
PE8.Locked=true
PE8.PinState=GPIO_PIN_SET
PE8.Signal=GPIO_Output
PE9.GPIOParameters=GPIO_Label,GPIO_PuPd
PE9.GPIO_Label=SENSE_VUSB
PE9.GPIO_PuPd=GPIO_PULLUP
PE9.Locked=true
PE9.Signal=GPIO_Input
PH0-OSC_IN.Mode=HSE-External-Clock-Source
PH0-OSC_IN.Signal=RCC_OSC_IN
PH1-OSC_OUT.Mode=HSE-External-Clock-Source
PH1-OSC_OUT.Signal=RCC_OSC_OUT
ProjectManager.AskForMigrate=true
ProjectManager.BackupPrevious=true
ProjectManager.CompilerOptimize=2
ProjectManager.ComputerToolchain=false
ProjectManager.CoupleFile=true
ProjectManager.CustomerFirmwarePackage=C\:/Users/julien/STM32Cube/Repository/STM32Cube_FW_F4_V1.15.0
ProjectManager.DefaultFWLocation=true
ProjectManager.DeletePrevious=true
ProjectManager.DeviceId=STM32F407VGTx
ProjectManager.FirmwarePackage=STM32Cube FW_F4 V1.15.0
ProjectManager.FreePins=false
ProjectManager.HalAssertFull=false
ProjectManager.HeapSize=0x200
ProjectManager.KeepUserCode=true
ProjectManager.LastFirmware=true
ProjectManager.LibraryCopy=1
ProjectManager.PreviousToolchain=TrueSTUDIO
ProjectManager.ProjectBuild=false
ProjectManager.ProjectFileName=CriticalPCB_Rev2.ioc
ProjectManager.ProjectName=CriticalPCB_Rev2
ProjectManager.StackSize=0x400
ProjectManager.TargetToolchain=TrueSTUDIO
ProjectManager.ToolChainLocation=
ProjectManager.UnderRoot=true
ProjectManager.functionlistsort=1-MX_GPIO_Init-GPIO-false-HAL,2-MX_DMA_Init-DMA-false-HAL,3-SystemClock_Config-RCC-false-HAL,4-MX_CAN2_Init-CAN2-false-HAL,5-MX_RTC_Init-RTC-false-HAL,6-MX_SDIO_SD_Init-SDIO-false-HAL,7-MX_SPI1_Init-SPI1-false-HAL,8-MX_SPI2_Init-SPI2-false-HAL,9-MX_TIM1_Init-TIM1-false-HAL,10-MX_TIM2_Init-TIM2-false-HAL,11-MX_TIM3_Init-TIM3-false-HAL,12-MX_USART1_Init-USART1-false-HAL,13-MX_USART2_UART_Init-USART2-false-HAL,14-MX_FATFS_Init-FATFS-false-HAL,15-MX_USB_DEVICE_Init-USB_DEVICE-false-HAL
RCC.48MHZClocksFreq_Value=48000000
RCC.AHBCLKDivider=RCC_SYSCLK_DIV1
RCC.AHBFreq_Value=168000000
RCC.APB1CLKDivider=RCC_HCLK_DIV4
RCC.APB1Freq_Value=42000000
RCC.APB1TimFreq_Value=84000000
RCC.APB2CLKDivider=RCC_HCLK_DIV2
RCC.APB2Freq_Value=84000000
RCC.APB2TimFreq_Value=168000000
RCC.ClockTypeHCLK=RCC_CLOCKTYPE_HCLK
RCC.ClockTypePCLK1=RCC_CLOCKTYPE_PCLK1
RCC.ClockTypePCLK2=RCC_CLOCKTYPE_PCLK2
RCC.ClockTypeSysClk=RCC_CLOCKTYPE_SYSCLK
RCC.CortexFreq_Value=168000000
RCC.Cortex_Div=SYSTICK_CLKSOURCE_HCLK
RCC.EnableExtClockForI2S=false
RCC.EnableHSE=true
RCC.EnableHSERTCDevisor=true
RCC.EnableLSE=true
RCC.EnableLSERTC=true
RCC.EthernetFreq_Value=168000000
RCC.ExtClockEnable=false
RCC.FCLKCortexFreq_Value=168000000
RCC.FamilyName=M
RCC.HCLKFreq_Value=168000000
RCC.HSEState=RCC_HSE_BYPASS
RCC.HSE_VALUE=25000000
RCC.HSIState=RCC_HSI_OFF
RCC.HSI_VALUE=16000000
RCC.I2SClocksFreq_Value=96000000
RCC.I2SEnable=false
RCC.IPParameters=48MHZClocksFreq_Value,AHBCLKDivider,AHBFreq_Value,APB1CLKDivider,APB1Freq_Value,APB1TimFreq_Value,APB2CLKDivider,APB2Freq_Value,APB2TimFreq_Value,ClockTypeHCLK,ClockTypePCLK1,ClockTypePCLK2,ClockTypeSysClk,CortexFreq_Value,Cortex_Div,EnableExtClockForI2S,EnableHSE,EnableHSERTCDevisor,EnableLSE,EnableLSERTC,EthernetFreq_Value,ExtClockEnable,FCLKCortexFreq_Value,FamilyName,HCLKFreq_Value,HSEState,HSE_VALUE,HSIState,HSI_VALUE,I2SClocksFreq_Value,I2SEnable,IWDGEnable,LSEState,LSIState,LSI_VALUE,MCO1OutPutEnable,MCO2OutPutEnable,MCO2PinFreq_Value,OscillatorTypeHSE,OscillatorTypeHSI,OscillatorTypeLSE,OscillatorTypeLSI,PLLCLKFreq_Value,PLLM,PLLN,PLLP,PLLQ,PLLQCLKFreq_Value,PLLSource,PLLSourceVirtual,PLLState,RCC_MCODiv1,RCC_MCODiv2,RCC_PERIPHCLK_RTCVar,RCC_RTC_Clock_Source,RCC_RTC_Clock_SourceVirtual,RCC_RTC_Clock_Source_FROM_HSE,RNGEnable,RTCEnable,RTCFreq_Value,RTCHSEDivFreq_Value,SDIOEnable,SYSCLKFreq_VALUE,SYSCLKSource,USBFSEnable,USBHSEnable,VCOI2SOutputFreq_Value,VCOInputFreq_Value,VCOOutputFreq_Value,VcooutputI2S
RCC.IWDGEnable=false
RCC.LSEState=RCC_LSE_ON
RCC.LSIState=RCC_LSI_OFF
RCC.LSI_VALUE=32000
RCC.MCO1OutPutEnable=false
RCC.MCO2OutPutEnable=false
RCC.MCO2PinFreq_Value=168000000
RCC.OscillatorTypeHSE=RCC_OSCILLATORTYPE_HSE
RCC.OscillatorTypeHSI=RCC_OSCILLATORTYPE_HSI
RCC.OscillatorTypeLSE=RCC_OSCILLATORTYPE_LSE
RCC.OscillatorTypeLSI=
RCC.PLLCLKFreq_Value=168000000
RCC.PLLM=25
RCC.PLLN=336
RCC.PLLP=RCC_PLLP_DIV2
RCC.PLLQ=7
RCC.PLLQCLKFreq_Value=48000000
RCC.PLLSource=RCC_PLLSOURCE_HSE
RCC.PLLSourceVirtual=RCC_PLLSOURCE_HSE
RCC.PLLState=RCC_PLL_ON
RCC.RCC_MCODiv1=RCC_MCODIV_1
RCC.RCC_MCODiv2=RCC_MCODIV_1
RCC.RCC_PERIPHCLK_RTCVar=RCC_PERIPHCLK_RTC
RCC.RCC_RTC_Clock_Source=RCC_RTCCLKSOURCE_LSE
RCC.RCC_RTC_Clock_SourceVirtual=RCC_RTCCLKSOURCE_LSE
RCC.RCC_RTC_Clock_Source_FROM_HSE=RCC_RTCCLKSOURCE_HSE_DIV2
RCC.RNGEnable=false
RCC.RTCEnable=true
RCC.RTCFreq_Value=32768
RCC.RTCHSEDivFreq_Value=12500000
RCC.SDIOEnable=true
RCC.SYSCLKFreq_VALUE=168000000
RCC.SYSCLKSource=RCC_SYSCLKSOURCE_PLLCLK
RCC.USBFSEnable=true
RCC.USBHSEnable=false
RCC.VCOI2SOutputFreq_Value=192000000
RCC.VCOInputFreq_Value=1000000
RCC.VCOOutputFreq_Value=336000000
RCC.VcooutputI2S=96000000
RTC.Alarm=RTC_ALARM_A
RTC.IPParameters=OutPut,OutPutPolarity,OutPutType,Alarm
RTC.OutPut=RTC_OUTPUT_DISABLE
RTC.OutPutPolarity=RTC_OUTPUT_POLARITY_HIGH
RTC.OutPutType=RTC_OUTPUT_TYPE_OPENDRAIN
SDIO.BusWide=SDIO_BUS_WIDE_1B
SDIO.ClockBypass=SDIO_CLOCK_BYPASS_DISABLE
SDIO.ClockEdge=SDIO_CLOCK_EDGE_RISING
SDIO.ClockPowerSave=SDIO_CLOCK_POWER_SAVE_DISABLE
SDIO.HardwareFlowControl=SDIO_HARDWARE_FLOW_CONTROL_DISABLE
SDIO.IPParameters=ClockEdge,ClockBypass,ClockPowerSave,BusWide,HardwareFlowControl,WideMode
SDIO.WideMode=SDIO_BUS_WIDE_4B
SH.GPXTI3.0=GPIO_EXTI3
SH.GPXTI3.ConfNb=1
SPI1.CRCPolynomial=10
SPI1.CalculateBaudRate=42.0 MBits/s
SPI1.Direction=SPI_DIRECTION_2LINES
SPI1.IPParameters=CalculateBaudRate,VirtualType,Mode,Direction,CRCPolynomial
SPI1.Mode=SPI_MODE_MASTER
SPI1.VirtualType=VM_MASTER
SPI2.CRCPolynomial=10
SPI2.CalculateBaudRate=21.0 MBits/s
SPI2.Direction=SPI_DIRECTION_2LINES
SPI2.IPParameters=CalculateBaudRate,VirtualType,Mode,Direction,CRCPolynomial
SPI2.Mode=SPI_MODE_MASTER
SPI2.VirtualType=VM_MASTER
TIM1.IPParameters=Prescaler,Period,TIM_MasterSlaveMode,TIM_MasterOutputTrigger
TIM1.Period=0x7FFF
TIM1.Prescaler=256
TIM1.TIM_MasterOutputTrigger=TIM_TRGO_UPDATE
TIM1.TIM_MasterSlaveMode=TIM_MASTERSLAVEMODE_ENABLE
TIM2.IPParameters=Period
TIM2.Period=100
TIM3.IPParameters=Period
TIM3.Period=20
USART1.IPParameters=VirtualMode
USART1.VirtualMode=VM_SYNC
USART2.BaudRate=115200
USART2.HwFlowCtl-Asynchronous=UART_HWCONTROL_NONE
USART2.IPParameters=VirtualMode,HwFlowCtl-Asynchronous,BaudRate
USART2.VirtualMode=VM_ASYNC
USB_DEVICE.CLASS_NAME_FS=CDC
USB_DEVICE.IPParameters=VirtualModeFS,USBD_HandleTypeDef_FS,CLASS_NAME_FS,MANUFACTURER_STRING-CDC_FS
USB_DEVICE.MANUFACTURER_STRING-CDC_FS=RockETS Master Race
USB_DEVICE.USBD_HandleTypeDef_FS=hUsbDevice_OTG_FS
USB_DEVICE.VirtualModeFS=Cdc_FS
USB_OTG_FS.IPParameters=dev_endpoints,VirtualMode,phy_itface
USB_OTG_FS.VirtualMode=Device_Only
USB_OTG_FS.dev_endpoints=4
USB_OTG_FS.phy_itface=PCD_PHY_EMBEDDED
VP_FATFS_VS_SDIO.Mode=SDIO
VP_FATFS_VS_SDIO.Signal=FATFS_VS_SDIO
VP_RTC_VS_RTC_Activate.Mode=RTC_Enabled
VP_RTC_VS_RTC_Activate.Signal=RTC_VS_RTC_Activate
VP_RTC_VS_RTC_Alarm_A_Intern.Mode=Alarm A
VP_RTC_VS_RTC_Alarm_A_Intern.Signal=RTC_VS_RTC_Alarm_A_Intern
VP_RTC_VS_RTC_Calendar.Mode=RTC_Calendar
VP_RTC_VS_RTC_Calendar.Signal=RTC_VS_RTC_Calendar
VP_SYS_VS_Systick.Mode=SysTick
VP_SYS_VS_Systick.Signal=SYS_VS_Systick
VP_TIM1_VS_ClockSourceINT.Mode=Internal
VP_TIM1_VS_ClockSourceINT.Signal=TIM1_VS_ClockSourceINT
VP_TIM1_VS_ClockSourceITR.Mode=TriggerSource_ITR0
VP_TIM1_VS_ClockSourceITR.Signal=TIM1_VS_ClockSourceITR
VP_TIM2_VS_ClockSourceITR.Mode=TriggerSource_ITR0
VP_TIM2_VS_ClockSourceITR.Signal=TIM2_VS_ClockSourceITR
VP_TIM2_VS_ControllerModeClock.Mode=Clock Mode
VP_TIM2_VS_ControllerModeClock.Signal=TIM2_VS_ControllerModeClock
VP_TIM3_VS_ClockSourceITR.Mode=TriggerSource_ITR0
VP_TIM3_VS_ClockSourceITR.Signal=TIM3_VS_ClockSourceITR
VP_TIM3_VS_ControllerModeClock.Mode=Clock Mode
VP_TIM3_VS_ControllerModeClock.Signal=TIM3_VS_ControllerModeClock
VP_USB_DEVICE_VS_USB_DEVICE_CDC_FS.Mode=CDC_FS
VP_USB_DEVICE_VS_USB_DEVICE_CDC_FS.Signal=USB_DEVICE_VS_USB_DEVICE_CDC_FS
board=CriticalPCB_Rev2
